
Microsoft Visual Studio Solution File, Format Version 12.00
# Visual Studio Version 17
VisualStudioVersion = 17.2.32616.157
MinimumVisualStudioVersion = 10.0.40219.1
Project("{FAE04EC0-301F-11D3-BF4B-00C04F79EFBC}") = "EmployeePayrollRestAPI", "EmployeePayrollRestAPI\EmployeePayrollRestAPI.csproj", "{57151FD8-39E9-4F89-963D-34EBB4574254}"
EndProject
Global
	GlobalSection(SolutionConfigurationPlatforms) = preSolution
		Debug|Any CPU = Debug|Any CPU
		Release|Any CPU = Release|Any CPU
	EndGlobalSection
	GlobalSection(ProjectConfigurationPlatforms) = postSolution
		{57151FD8-39E9-4F89-963D-34EBB4574254}.Debug|Any CPU.ActiveCfg = Debug|Any CPU
		{57151FD8-39E9-4F89-963D-34EBB4574254}.Debug|Any CPU.Build.0 = Debug|Any CPU
		{57151FD8-39E9-4F89-963D-34EBB4574254}.Release|Any CPU.ActiveCfg = Release|Any CPU
		{57151FD8-39E9-4F89-963D-34EBB4574254}.Release|Any CPU.Build.0 = Release|Any CPU
	EndGlobalSection
	GlobalSection(SolutionProperties) = preSolution
		HideSolutionNode = FALSE
	EndGlobalSection
	GlobalSection(ExtensibilityGlobals) = postSolution
		SolutionGuid = {CE9F3401-C19E-4182-8F29-03A06F8E4F7C}
	EndGlobalSection
EndGlobal
